version = 1
revision = 3
requires-python = ">=3.12"

[[package]]
name = "apicore-python"
version = "0.1.0"
source = { editable = "." }
dependencies = [
    { name = "msgspec" },
    { name = "orjson" },
    { name = "ruamel-yaml" },
    { name = "ruamel-yaml-clib" },
]

[package.dev-dependencies]
dev = [
    { name = "pytest" },
]

[package.metadata]
requires-dist = [
    { name = "msgspec", specifier = ">=0.19.0" },
    { name = "orjson", specifier = ">=3.10.0" },
    { name = "ruamel-yaml", specifier = ">=0.18.10" },
    { name = "ruamel-yaml-clib", specifier = ">=0.2.12" },
]

[package.metadata.requires-dev]
dev = [{ name = "pytest", specifier = ">=8.3.5" }]

[[package]]
name = "colorama"
version = "0.4.6"
source = { registry = "https://mirrors.cloud.tencent.com/pypi/simple/" }
sdist = { url = "https://mirrors.cloud.tencent.com/pypi/packages/d8/53/6f443c9a4a8358a93a6792e2acffb9d9d5cb0a5cfd8802644b7b1c9a02e4/colorama-0.4.6.tar.gz", hash = "sha256:08695f5cb7ed6e0531a20572697297273c47b8cae5a63ffc6d6ed5c201be6e44" }
wheels = [
    { url = "https://mirrors.cloud.tencent.com/pypi/packages/d1/d6/3965ed04c63042e047cb6a3e6ed1a63a35087b6a609aa3a15ed8ac56c221/colorama-0.4.6-py2.py3-none-any.whl", hash = "sha256:4f1d9991f5acc0ca119f9d443620b77f9d6b33703e51011c16baf57afb285fc6" },
]

[[package]]
name = "iniconfig"
version = "2.3.0"
source = { registry = "https://mirrors.cloud.tencent.com/pypi/simple/" }
sdist = { url = "https://mirrors.cloud.tencent.com/pypi/packages/72/34/14ca021ce8e5dfedc35312d08ba8bf51fdd999c576889fc2c24cb97f4f10/iniconfig-2.3.0.tar.gz", hash = "sha256:c76315c77db068650d49c5b56314774a7804df16fee4402c1f19d6d15d8c4730" }
wheels = [
    { url = "https://mirrors.cloud.tencent.com/pypi/packages/cb/b1/3846dd7f199d53cb17f49cba7e651e9ce294d8497c8c150530ed11865bb8/iniconfig-2.3.0-py3-none-any.whl", hash = "sha256:f631c04d2c48c52b84d0d0549c99ff3859c98df65b3101406327ecc7d53fbf12" },
]

[[package]]
name = "msgspec"
version = "0.21.1"
source = { registry = "https://mirrors.cloud.tencent.com/pypi/simple/" }
sdist = { url = "https://mirrors.cloud.tencent.com/pypi/packages/e3/60/f79b9b013a16fa3a58350c9295ddc6789f2e335f36ea61ed10a21b215364/msgspec-0.21.1.tar.gz", hash = "sha256:2313508e394b0d208f8f56892ca9b2799e2561329de9763b19619595a6c0f72c" }
wheels = [
    { url = "https://mirrors.cloud.tencent.com/pypi/packages/6e/cf/317224852c00248c620a9bcf4b26e2e4ab8afd752f18d2a6ef73ebd423b6/msgspec-0.21.1-cp312-cp312-macosx_10_13_x86_64.whl", hash = "sha256:d4248cf0b6129b7d230eacd493c17cc2d4f3989f3bb7f633a928a85b7dcfa251" },
    { url = "https://mirrors.cloud.tencent.com/pypi/packages/6d/81/074612945c0666078f7366f40000013de9f6ba687491d450df699bceebc9/msgspec-0.21.1-cp312-cp312-macosx_11_0_arm64.whl", hash = "sha256:5102c7e9b3acff82178449b85006d96310e690291bb1ea0142f1b24bcb8aabcb" },
    { url = "https://mirrors.cloud.tencent.com/pypi/packages/8a/37/655101799590bcc5fddb2bd3fe0e6194e816c2d1da7c361725f5eb89a910/msgspec-0.21.1-cp312-cp312-manylinux2014_aarch64.manylinux_2_17_aarch64.manylinux_2_28_aarch64.whl", hash = "sha256:846758412e9518252b2ac9bffd6f0e54d9ff614f5f9488df7749f81ff5c80920" },
    { url = "https://mirrors.cloud.tencent.com/pypi/packages/b5/d1/d4cd9fe89c7d400d7a18f86ccc94daa3f0927f53558846fcb60791dce5d6/msgspec-0.21.1-cp312-cp312-manylinux2014_x86_64.manylinux_2_17_x86_64.manylinux_2_28_x86_64.whl", hash = "sha256:21995e74b5c598c2e004110ad66ec7f1b8c20bf2bcf3b2de8fd9a3094422d3ff" },
    { url = "https://mirrors.cloud.tencent.com/pypi/packages/24/bf/e20549e602b9edccadeeff98760345a416f9cce846a657e8b18e3396b212/msgspec-0.21.1-cp312-cp312-musllinux_1_2_aarch64.whl", hash = "sha256:6129f0cca52992e898fd5344187f7c8127b63d810b2fd73e36fca73b4c6475ee" },
    { url = "https://mirrors.cloud.tencent.com/pypi/packages/b4/68/04d7a8f0f786545cf9b8c280c57aa6befb5977af6e884b8b54191cbe44b3/msgspec-0.21.1-cp312-cp312-musllinux_1_2_x86_64.whl", hash = "sha256:ef3ec2296248d1f8b9231acb051b6d471dfde8f21819e86c9adaaa9f42918521" },
    { url = "https://mirrors.cloud.tencent.com/pypi/packages/cc/4d/619866af2840875be408047bf9e70ceafbae6ab50660de7134ed1b25eb86/msgspec-0.21.1-cp312-cp312-win_amd64.whl", hash = "sha256:d4ab834a054c6f0cbeef6df9e7e1b33d5f1bc7b86dea1d2fd7cad003873e783d" },
    { url = "https://mirrors.cloud.tencent.com/pypi/packages/5e/2e/a8f9eca8fd00e097d7a9e99ba8a4685db994494448e3d4f0b7f6e9a3c0f7/msgspec-0.21.1-cp312-cp312-win_arm64.whl", hash = "sha256:628aaa35c74950a8c59da330d7e98917e1c7188f983745782027748ee4ca573e" },
    { url = "https://mirrors.cloud.tencent.com/pypi/packages/7e/74/f11ede02839b19ff459f88e3145df5d711626ca84da4e23520cebf819367/msgspec-0.21.1-cp313-cp313-macosx_10_13_x86_64.whl", hash = "sha256:764173717a01743f007e9f74520ed281f24672c604514f7d76c1c3a10e8edb66" },
    { url = "https://mirrors.cloud.tencent.com/pypi/packages/bb/40/4476c1bd341418a046c4955aff632ec769315d1e3cb94e6acf86d461f9ed/msgspec-0.21.1-cp313-cp313-macosx_11_0_arm64.whl", hash = "sha256:344c7cd0eaed1fb81d7959f99100ef71ec9b536881a376f11b9a6c4803365697" },
    { url = "https://mirrors.cloud.tencent.com/pypi/packages/ca/d9/9e9d7d7e5061b47540d03d640fab9b3965ba7ae49c1b2154861c8f007518/msgspec-0.21.1-cp313-cp313-manylinux2014_aarch64.manylinux_2_17_aarch64.manylinux_2_28_aarch64.whl", hash = "sha256:48943e278b3854c2f89f955ddc6f9f430d3f0784b16e47d10604ee0463cd21f5" },
    { url = "https://mirrors.cloud.tencent.com/pypi/packages/74/66/2bb344f34abb4b57e60c7c9c761994e0417b9718ec1460bf00c296f2a7ea/msgspec-0.21.1-cp313-cp313-manylinux2014_x86_64.manylinux_2_17_x86_64.manylinux_2_28_x86_64.whl", hash = "sha256:a9aa659ebb0101b1cbc31461212b87e341d961f0ab0772aaf068a99e001ec4aa" },
    { url = "https://mirrors.cloud.tencent.com/pypi/packages/1a/84/7c1e412f76092277bf760cef12b7979d03314d259ab5b5cafde5d0c1722d/msgspec-0.21.1-cp313-cp313-musllinux_1_2_aarch64.whl", hash = "sha256:f7b27d1a8ead2b6f5b0c4f2d07b8be1ccfcc041c8a0e704781edebe3ae13c484" },
    { url = "https://mirrors.cloud.tencent.com/pypi/packages/4e/27/0bba04b2b4ef05f3d068429410bc71d2cea925f1596a8f41152cccd5edb8/msgspec-0.21.1-cp313-cp313-musllinux_1_2_x86_64.whl", hash = "sha256:38fe93e86b61328fe544cb7fd871fad5a27c8734bfda90f65e5dbe288ae50f61" },
    { url = "https://mirrors.cloud.tencent.com/pypi/packages/b0/2d/09574b0eea02fed2c2c1383dbaae2c7f79dc16dcd6487a886000afb5d7c4/msgspec-0.21.1-cp313-cp313-win_amd64.whl", hash = "sha256:8bc666331c35fcce05a7cd2d6221adbe0f6058f8e750711413d22793c080ac6a" },
    { url = "https://mirrors.cloud.tencent.com/pypi/packages/46/34/105b1576ad182879914f0c821f17ee1d13abb165cb060448f96fe2aff078/msgspec-0.21.1-cp313-cp313-win_arm64.whl", hash = "sha256:42bb1241e0750c1a4346f2aa84db26c5ffd99a4eb3a954927d9f149ff2f42898" },
    { url = "https://mirrors.cloud.tencent.com/pypi/packages/5a/ad/86954e987d1d6a5c579e2c2e7832b65e0fff194179fdac4f581536086024/msgspec-0.21.1-cp314-cp314-macosx_10_15_x86_64.whl", hash = "sha256:fab48eb45fdbfbdb2c0edfec00ffc53b6b6085beefc6b50b61e01659f9f8757f" },
    { url = "https://mirrors.cloud.tencent.com/pypi/packages/d1/a1/c5e46c3e42b866199365e35d11dddfd1fbd8bba4fdb3c52f965b1607ce94/msgspec-0.21.1-cp314-cp314-macosx_11_0_arm64.whl", hash = "sha256:3cb779ea0c35bc807ff941d415875c1f69ca0be91a2e907ab99a171811d86a9a" },
    { url = "https://mirrors.cloud.tencent.com/pypi/packages/85/7d/1e29a319d678d6cb962ae5bdf32a6858ebdf38f73bc654c0e9c742a0c2c8/msgspec-0.21.1-cp314-cp314-manylinux2014_aarch64.manylinux_2_17_aarch64.manylinux_2_28_aarch64.whl", hash = "sha256:68604db36b3b4dd9bf160e436e12798a4738848144cea1aca1cb984011eb160f" },
    { url = "https://mirrors.cloud.tencent.com/pypi/packages/25/1f/cca084ca2572810fff12ea9dbdcbe39eac048f40daf4a9077b49fcbe8cee/msgspec-0.21.1-cp314-cp314-manylinux2014_x86_64.manylinux_2_17_x86_64.manylinux_2_28_x86_64.whl", hash = "sha256:3d6b9dc50948eaf65df54d2fd0ff66e6d8c32f116037209ee861810eb9b676cb" },
    { url = "https://mirrors.cloud.tencent.com/pypi/packages/71/94/d2120fc9d419a89a3a7c13e5b7078798c4b392a96a02a6e2b3ce43a8766c/msgspec-0.21.1-cp314-cp314-musllinux_1_2_aarch64.whl", hash = "sha256:52c5e21930942302394429c5a582ce7e6b62c7f983b3760834c2ce107e0dd6df" },
    { url = "https://mirrors.cloud.tencent.com/pypi/packages/75/17/42418b66a3ad972a89bab73dd78b79cc6282bb488a25e73c853cee7443b9/msgspec-0.21.1-cp314-cp314-musllinux_1_2_x86_64.whl", hash = "sha256:abbb39d65681fa24ed394e01af3d59d869068324f900c61d06062b7fb9980f2f" },
    { url = "https://mirrors.cloud.tencent.com/pypi/packages/c4/33/265c894268cca88ff67b144ca2b4c522fc8b9a6f1966a3640c70516e78e1/msgspec-0.21.1-cp314-cp314-win_amd64.whl", hash = "sha256:5666b1b560b97b6ec2eb3fca8a502298ebac56e13bbca1f88523538ce83d01ea" },
    { url = "https://mirrors.cloud.tencent.com/pypi/packages/3b/8f/a6d35f25bf1fc63c492fdd88fdce01ba0875ead48c2b91f90f33653b4131/msgspec-0.21.1-cp314-cp314-win_arm64.whl", hash = "sha256:d8b8578e4c83b14ceea4cef0d0b747e31d9330fe4b03b2b2ad4063866a178f93" },
    { url = "https://mirrors.cloud.tencent.com/pypi/packages/c6/39/74839641e64b99d87da55af0fc472854d42b46e2183b9e2a67fe1bb2a512/msgspec-0.21.1-cp314-cp314t-macosx_10_15_x86_64.whl", hash = "sha256:15f523d51c00ebad412213bfe9f06f0a50ec2b93e0c19e824a2d267cabb48ea2" },
    { url = "https://mirrors.cloud.tencent.com/pypi/packages/70/9b/ce0cca6d2d87fcd4b6ff97600790494e64f26a2c55d61507cd2755c16193/msgspec-0.21.1-cp314-cp314t-macosx_11_0_arm64.whl", hash = "sha256:4e47390360583ba3d5c6cb44cf0a9f61b0a06a899d3c2c00627cedebb2e2884b" },
    { url = "https://mirrors.cloud.tencent.com/pypi/packages/a7/08/673a7bb05e5702dc787ddd3011195b509f9867927970da59052211929987/msgspec-0.21.1-cp314-cp314t-manylinux2014_aarch64.manylinux_2_17_aarch64.manylinux_2_28_aarch64.whl", hash = "sha256:f60800e6299b798142dc40b0644da77ceac5ea0568be58228417eae14135c847" },
    { url = "https://mirrors.cloud.tencent.com/pypi/packages/7d/45/86508cf57283e9070b3c447e3ab25b792a7a0855a3ea4e0c6d111ac34c97/msgspec-0.21.1-cp314-cp314t-manylinux2014_x86_64.manylinux_2_17_x86_64.manylinux_2_28_x86_64.whl", hash = "sha256:5f8e9dfcd98419cf7568808470c4317a3fb30bef0e3715b568730a2b272a20d7" },
    { url = "https://mirrors.cloud.tencent.com/pypi/packages/2c/62/e7c9367cd08d590559faacd711edbae36840342843e669440363f33c7d36/msgspec-0.21.1-cp314-cp314t-musllinux_1_2_aarch64.whl", hash = "sha256:92d89dfad13bd1ea640dc3e37e724ed380da1030b272bdf5ecafb983c3ad7c75" },
    { url = "https://mirrors.cloud.tencent.com/pypi/packages/42/b4/c0f54632103846b658a10930025f4de41c8724b5e4805a5f3b395586cb7e/msgspec-0.21.1-cp314-cp314t-musllinux_1_2_x86_64.whl", hash = "sha256:0d03867786e5d7ba25d666df4b11320c27170f4aeafcb8e3a8b0a50a4fb742ca" },
    { url = "https://mirrors.cloud.tencent.com/pypi/packages/ea/1d/0d85cc79d0ccf5508e9c846cc66552a6a16bf92abd1dbd8362617f7b35cd/msgspec-0.21.1-cp314-cp314t-win_amd64.whl", hash = "sha256:740fbf1c9d59992ca3537d6fbe9ebbf9eaf726a65fbf31448e0ecbc710697a63" },
    { url = "https://mirrors.cloud.tencent.com/pypi/packages/90/91/56c5d560f20e6c20e9e4f55bd0e458f7f162aa689ee350346c04c48eac0b/msgspec-0.21.1-cp314-cp314t-win_arm64.whl", hash = "sha256:0d2cc73df6058d811a126ac3a8ad63a4dfa210c82f9cf5a004802eaf4712de90" },
]

[[package]]
name = "orjson"
version = "3.11.8"
source = { registry = "https://mirrors.cloud.tencent.com/pypi/simple/" }
sdist = { url = "https://mirrors.cloud.tencent.com/pypi/packages/9d/1b/2024d06792d0779f9dbc51531b61c24f76c75b9f4ce05e6f3377a1814cea/orjson-3.11.8.tar.gz", hash = "sha256:96163d9cdc5a202703e9ad1b9ae757d5f0ca62f4fa0cc93d1f27b0e180cc404e" }
wheels = [
    { url = "https://mirrors.cloud.tencent.com/pypi/packages/01/f6/8d58b32ab32d9215973a1688aebd098252ee8af1766c0e4e36e7831f0295/orjson-3.11.8-cp312-cp312-macosx_10_15_x86_64.macosx_11_0_arm64.macosx_10_15_universal2.whl", hash = "sha256:1cd0b77e77c95758f8e1100139844e99f3ccc87e71e6fc8e1c027e55807c549f" },
    { url = "https://mirrors.cloud.tencent.com/pypi/packages/a9/8b/2ffe35e71f6b92622e8ea4607bf33ecf7dfb51b3619dcfabfd36cbe2d0a5/orjson-3.11.8-cp312-cp312-macosx_15_0_arm64.whl", hash = "sha256:6a3d159d5ffa0e3961f353c4b036540996bf8b9697ccc38261c0eac1fd3347a6" },
    { url = "https://mirrors.cloud.tencent.com/pypi/packages/27/d2/1f8682ae50d5c6897a563cb96bc106da8c9cb5b7b6e81a52e4cc086679b9/orjson-3.11.8-cp312-cp312-manylinux_2_17_aarch64.manylinux2014_aarch64.whl", hash = "sha256:76070a76e9c5ae661e2d9848f216980d8d533e0f8143e6ed462807b242e3c5e8" },
    { url = "https://mirrors.cloud.tencent.com/pypi/packages/52/4b/5500f76f0eece84226e0689cb48dcde081104c2fa6e2483d17ca13685ffb/orjson-3.11.8-cp312-cp312-manylinux_2_17_armv7l.manylinux2014_armv7l.whl", hash = "sha256:54153d21520a71a4c82a0dbb4523e468941d549d221dc173de0f019678cf3813" },
    { url = "https://mirrors.cloud.tencent.com/pypi/packages/da/4e/58b927e08fbe9840e6c920d9e299b051ea667463b1f39a56e668669f8508/orjson-3.11.8-cp312-cp312-manylinux_2_17_i686.manylinux2014_i686.whl", hash = "sha256:469ac2125611b7c5741a0b3798cd9e5786cbad6345f9f400c77212be89563bec" },
    { url = "https://mirrors.cloud.tencent.com/pypi/packages/56/7c/ba7cb871cba1bcd5cd02ee34f98d894c6cea96353ad87466e5aef2429c60/orjson-3.11.8-cp312-cp312-manylinux_2_17_ppc64le.manylinux2014_ppc64le.whl", hash = "sha256:14778ffd0f6896aa613951a7fbf4690229aa7a543cb2bfbe9f358e08aafa9546" },
    { url = "https://mirrors.cloud.tencent.com/pypi/packages/0b/5d/eb9c25fc1386696c6a342cd361c306452c75e0b55e86ad602dd4827a7fd7/orjson-3.11.8-cp312-cp312-manylinux_2_17_s390x.manylinux2014_s390x.whl", hash = "sha256:ea56a955056a6d6c550cf18b3348656a9d9a4f02e2d0c02cabf3c73f1055d506" },
    { url = "https://mirrors.cloud.tencent.com/pypi/packages/37/87/5ddeb7fc1fbd9004aeccab08426f34c81a5b4c25c7061281862b015fce2b/orjson-3.11.8-cp312-cp312-manylinux_2_17_x86_64.manylinux2014_x86_64.whl", hash = "sha256:53a0f57e59a530d18a142f4d4ba6dfc708dc5fdedce45e98ff06b44930a2a48f" },
    { url = "https://mirrors.cloud.tencent.com/pypi/packages/22/09/90048793db94ee4b2fcec4ac8e5ddb077367637d6650be896b3494b79bb7/orjson-3.11.8-cp312-cp312-musllinux_1_2_aarch64.whl", hash = "sha256:9b48e274f8824567d74e2158199e269597edf00823a1b12b63d48462bbf5123e" },
    { url = "https://mirrors.cloud.tencent.com/pypi/packages/c0/cf/eb284847487821a5d415e54149a6449ba9bfc5872ce63ab7be41b8ec401c/orjson-3.11.8-cp312-cp312-musllinux_1_2_armv7l.whl", hash = "sha256:3f262401086a3960586af06c054609365e98407151f5ea24a62893a40d80dbbb" },
    { url = "https://mirrors.cloud.tencent.com/pypi/packages/44/09/e12423d327071c851c13e76936f144a96adacfc037394dec35ac3fc8d1e8/orjson-3.11.8-cp312-cp312-musllinux_1_2_i686.whl", hash = "sha256:8e8c6218b614badf8e229b697865df4301afa74b791b6c9ade01d19a9953a942" },
    { url = "https://mirrors.cloud.tencent.com/pypi/packages/b3/6d/37c2589ba864e582ffe7611643314785c6afb1f83c701654ef05daa8fcc7/orjson-3.11.8-cp312-cp312-musllinux_1_2_x86_64.whl", hash = "sha256:093d489fa039ddade2db541097dbb484999fcc65fc2b0ff9819141e2ab364f25" },
    { url = "https://mirrors.cloud.tencent.com/pypi/packages/be/c9/135194a02ab76b04ed9a10f68624b7ebd238bbe55548878b11ff15a0f352/orjson-3.11.8-cp312-cp312-win32.whl", hash = "sha256:e0950ed1bcb9893f4293fd5c5a7ee10934fbf82c4101c70be360db23ce24b7d2" },
    { url = "https://mirrors.cloud.tencent.com/pypi/packages/ed/9a/9796f8fbe3cf30ce9cb696748dbb535e5c87be4bf4fe2e9ca498ef1fa8cf/orjson-3.11.8-cp312-cp312-win_amd64.whl", hash = "sha256:3cf17c141617b88ced4536b2135c552490f07799f6ad565948ea07bef0dcb9a6" },
    { url = "https://mirrors.cloud.tencent.com/pypi/packages/cc/47/5aaf54524a7a4a0dd09dd778f3fa65dd2108290615b652e23d944152bc8e/orjson-3.11.8-cp312-cp312-win_arm64.whl", hash = "sha256:48854463b0572cc87dac7d981aa72ed8bf6deedc0511853dc76b8bbd5482d36d" },
    { url = "https://mirrors.cloud.tencent.com/pypi/packages/66/7f/95fba509bb2305fab0073558f1e8c3a2ec4b2afe58ed9fcb7d3b8beafe94/orjson-3.11.8-cp313-cp313-macosx_10_15_x86_64.macosx_11_0_arm64.macosx_10_15_universal2.whl", hash = "sha256:3f23426851d98478c8970da5991f84784a76682213cd50eb73a1da56b95239dc" },
    { url = "https://mirrors.cloud.tencent.com/pypi/packages/f6/9d/b237215c743ca073697d759b5503abd2cb8a0d7b9c9e21f524bcf176ab66/orjson-3.11.8-cp313-cp313-macosx_15_0_arm64.whl", hash = "sha256:ebaed4cef74a045b83e23537b52ef19a367c7e3f536751e355a2a394f8648559" },
    { url = "https://mirrors.cloud.tencent.com/pypi/packages/42/3d/27d65b6d11e63f133781425f132807aef793ed25075fec686fc8e46dd528/orjson-3.11.8-cp313-cp313-manylinux_2_17_aarch64.manylinux2014_aarch64.whl", hash = "sha256:97c8f5d3b62380b70c36ffacb2a356b7c6becec86099b177f73851ba095ef623" },
    { url = "https://mirrors.cloud.tencent.com/pypi/packages/dd/cc/faee30cd8f00421999e40ef0eba7332e3a625ce91a58200a2f52c7fef235/orjson-3.11.8-cp313-cp313-manylinux_2_17_armv7l.manylinux2014_armv7l.whl", hash = "sha256:436c4922968a619fb7fef1ccd4b8b3a76c13b67d607073914d675026e911a65c" },
    { url = "https://mirrors.cloud.tencent.com/pypi/packages/5c/bb/a6c55896197f97b6d4b4e7c7fd77e7235517c34f5d6ad5aadd43c54c6d7c/orjson-3.11.8-cp313-cp313-manylinux_2_17_i686.manylinux2014_i686.whl", hash = "sha256:1ab359aff0436d80bfe8a23b46b5fea69f1e18aaf1760a709b4787f1318b317f" },
    { url = "https://mirrors.cloud.tencent.com/pypi/packages/9c/7c/ca3a3525aa32ff636ebb1778e77e3587b016ab2edb1b618b36ba96f8f2c0/orjson-3.11.8-cp313-cp313-manylinux_2_17_ppc64le.manylinux2014_ppc64le.whl", hash = "sha256:f89b6d0b3a8d81e1929d3ab3d92bbc225688bd80a770c49432543928fe09ac55" },
    { url = "https://mirrors.cloud.tencent.com/pypi/packages/3c/0c/18a9d7f18b5edd37344d1fd5be17e94dc652c67826ab749c6e5948a78112/orjson-3.11.8-cp313-cp313-manylinux_2_17_s390x.manylinux2014_s390x.whl", hash = "sha256:29c009e7a2ca9ad0ed1376ce20dd692146a5d9fe4310848904b6b4fee5c5c137" },
    { url = "https://mirrors.cloud.tencent.com/pypi/packages/23/91/7e722f352ad67ca573cee44de2a58fb810d0f4eb4e33276c6a557979fd8a/orjson-3.11.8-cp313-cp313-manylinux_2_17_x86_64.manylinux2014_x86_64.whl", hash = "sha256:705b895b781b3e395c067129d8551655642dfe9437273211d5404e87ac752b53" },
    { url = "https://mirrors.cloud.tencent.com/pypi/packages/af/04/32845ce13ac5bd1046ddb02ac9432ba856cc35f6d74dde95864fe0ad5523/orjson-3.11.8-cp313-cp313-musllinux_1_2_aarch64.whl", hash = "sha256:88006eda83858a9fdf73985ce3804e885c2befb2f506c9a3723cdeb5a2880e3e" },
    { url = "https://mirrors.cloud.tencent.com/pypi/packages/02/5e/c551387ddf2d7106d9039369862245c85738b828844d13b99ccb8d61fd06/orjson-3.11.8-cp313-cp313-musllinux_1_2_armv7l.whl", hash = "sha256:55120759e61309af7fcf9e961c6f6af3dde5921cdb3ee863ef63fd9db126cae6" },
    { url = "https://mirrors.cloud.tencent.com/pypi/packages/00/a3/ecfe62434096f8a794d4976728cb59bcfc4a643977f21c2040545d37eb4c/orjson-3.11.8-cp313-cp313-musllinux_1_2_i686.whl", hash = "sha256:98bdc6cb889d19bed01de46e67574a2eab61f5cc6b768ed50e8ac68e9d6ffab6" },
    { url = "https://mirrors.cloud.tencent.com/pypi/packages/18/6d/0dce10b9f6643fdc59d99333871a38fa5a769d8e2fc34a18e5d2bfdee900/orjson-3.11.8-cp313-cp313-musllinux_1_2_x86_64.whl", hash = "sha256:708c95f925a43ab9f34625e45dcdadf09ec8a6e7b664a938f2f8d5650f6c090b" },
    { url = "https://mirrors.cloud.tencent.com/pypi/packages/01/d6/6dde4f31842d87099238f1f07b459d24edc1a774d20687187443ab044191/orjson-3.11.8-cp313-cp313-win32.whl", hash = "sha256:01c4e5a6695dc09098f2e6468a251bc4671c50922d4d745aff1a0a33a0cf5b8d" },
    { url = "https://mirrors.cloud.tencent.com/pypi/packages/c1/f9/4e494a56e013db957fb77186b818b916d4695b8fa2aa612364974160e91b/orjson-3.11.8-cp313-cp313-win_amd64.whl", hash = "sha256:c154a35dd1330707450bb4d4e7dd1f17fa6f42267a40c1e8a1daa5e13719b4b8" },
    { url = "https://mirrors.cloud.tencent.com/pypi/packages/57/7f/803203d00d6edb6e9e7eef421d4e1adbb5ea973e40b3533f3cfd9aeb374e/orjson-3.11.8-cp313-cp313-win_arm64.whl", hash = "sha256:4861bde57f4d253ab041e374f44023460e60e71efaa121f3c5f0ed457c3a701e" },
    { url = "https://mirrors.cloud.tencent.com/pypi/packages/6d/35/b01910c3d6b85dc882442afe5060cbf719c7d1fc85749294beda23d17873/orjson-3.11.8-cp314-cp314-macosx_10_15_x86_64.macosx_11_0_arm64.macosx_10_15_universal2.whl", hash = "sha256:ec795530a73c269a55130498842aaa762e4a939f6ce481a7e986eeaa790e9da4" },
    { url = "https://mirrors.cloud.tencent.com/pypi/packages/c2/56/c9ec97bd11240abef39b9e5d99a15462809c45f677420fd148a6c5e6295e/orjson-3.11.8-cp314-cp314-macosx_15_0_arm64.whl", hash = "sha256:c492a0e011c0f9066e9ceaa896fbc5b068c54d365fea5f3444b697ee01bc8625" },
    { url = "https://mirrors.cloud.tencent.com/pypi/packages/3b/e4/66d4f30a90de45e2f0cbd9623588e8ae71eef7679dbe2ae954ed6d66a41f/orjson-3.11.8-cp314-cp314-manylinux_2_17_aarch64.manylinux2014_aarch64.whl", hash = "sha256:883206d55b1bd5f5679ad5e6ddd3d1a5e3cac5190482927fdb8c78fb699193b5" },
    { url = "https://mirrors.cloud.tencent.com/pypi/packages/19/30/2a645fc9286b928675e43fa2a3a16fb7b6764aa78cc719dc82141e00f30b/orjson-3.11.8-cp314-cp314-manylinux_2_17_armv7l.manylinux2014_armv7l.whl", hash = "sha256:5774c1fdcc98b2259800b683b19599c133baeb11d60033e2095fd9d4667b82db" },
    { url = "https://mirrors.cloud.tencent.com/pypi/packages/db/44/77b9a86d84a28d52ba3316d77737f6514e17118119ade3f91b639e859029/orjson-3.11.8-cp314-cp314-manylinux_2_17_i686.manylinux2014_i686.whl", hash = "sha256:8ac7381c83dd3d4a6347e6635950aa448f54e7b8406a27c7ecb4a37e9f1ae08b" },
    { url = "https://mirrors.cloud.tencent.com/pypi/packages/b3/ea/eff3d9bfe47e9bc6969c9181c58d9f71237f923f9c86a2d2f490cd898c82/orjson-3.11.8-cp314-cp314-manylinux_2_17_ppc64le.manylinux2014_ppc64le.whl", hash = "sha256:14439063aebcb92401c11afc68ee4e407258d2752e62d748b6942dad20d2a70d" },
    { url = "https://mirrors.cloud.tencent.com/pypi/packages/52/c8/90d4b4c60c84d62068d0cf9e4d8f0a4e05e76971d133ac0c60d818d4db20/orjson-3.11.8-cp314-cp314-manylinux_2_17_s390x.manylinux2014_s390x.whl", hash = "sha256:fa72e71977bff96567b0f500fc5bfd2fdf915f34052c782a4c6ebbdaa97aa858" },
    { url = "https://mirrors.cloud.tencent.com/pypi/packages/8d/c7/ea9e08d1f0ba981adffb629811148b44774d935171e7b3d780ae43c4c254/orjson-3.11.8-cp314-cp314-manylinux_2_17_x86_64.manylinux2014_x86_64.whl", hash = "sha256:7679bc2f01bb0d219758f1a5f87bb7c8a81c0a186824a393b366876b4948e14f" },
    { url = "https://mirrors.cloud.tencent.com/pypi/packages/6c/8c/ddbbfd6ba59453c8fc7fe1d0e5983895864e264c37481b2a791db635f046/orjson-3.11.8-cp314-cp314-musllinux_1_2_aarch64.whl", hash = "sha256:14f7b8fcb35ef403b42fa5ecfa4ed032332a91f3dc7368fbce4184d59e1eae0d" },
    { url = "https://mirrors.cloud.tencent.com/pypi/packages/4e/31/dbfbefec9df060d34ef4962cd0afcb6fa7a9ec65884cb78f04a7859526c3/orjson-3.11.8-cp314-cp314-musllinux_1_2_armv7l.whl", hash = "sha256:c2bdf7b2facc80b5e34f48a2d557727d5c5c57a8a450de122ae81fa26a81c1bc" },
    { url = "https://mirrors.cloud.tencent.com/pypi/packages/87/cf/f74e9ae9803d4ab46b163494adba636c6d7ea955af5cc23b8aaa94cfd528/orjson-3.11.8-cp314-cp314-musllinux_1_2_i686.whl", hash = "sha256:ccd7ba1b0605813a0715171d39ec4c314cb97a9c85893c2c5c0c3a3729df38bf" },
    { url = "https://mirrors.cloud.tencent.com/pypi/packages/64/e6/9214f017b5db85e84e68602792f742e5dc5249e963503d1b356bee611e01/orjson-3.11.8-cp314-cp314-musllinux_1_2_x86_64.whl", hash = "sha256:cdbc8c9c02463fef4d3c53a9ba3336d05496ec8e1f1c53326a1e4acc11f5c600" },
    { url = "https://mirrors.cloud.tencent.com/pypi/packages/24/dd/3590348818f58f837a75fb969b04cdf187ae197e14d60b5e5a794a38b79d/orjson-3.11.8-cp314-cp314-win32.whl", hash = "sha256:0b57f67710a8cd459e4e54eb96d5f77f3624eba0c661ba19a525807e42eccade" },
    { url = "https://mirrors.cloud.tencent.com/pypi/packages/3f/0f/b6cb692116e05d058f31ceee819c70f097fa9167c82f67fabe7516289abc/orjson-3.11.8-cp314-cp314-win_amd64.whl", hash = "sha256:735e2262363dcbe05c35e3a8869898022af78f89dde9e256924dc02e99fe69ca" },
    { url = "https://mirrors.cloud.tencent.com/pypi/packages/c0/d1/facb5b5051fabb0ef9d26c6544d87ef19a939a9a001198655d0d891062dd/orjson-3.11.8-cp314-cp314-win_arm64.whl", hash = "sha256:6ccdea2c213cf9f3d9490cbd5d427693c870753df41e6cb375bd79bcbafc8817" },
]

[[package]]
name = "packaging"
version = "26.2"
source = { registry = "https://mirrors.cloud.tencent.com/pypi/simple/" }
sdist = { url = "https://mirrors.cloud.tencent.com/pypi/packages/d7/f1/e7a6dd94a8d4a5626c03e4e99c87f241ba9e350cd9e6d75123f992427270/packaging-26.2.tar.gz", hash = "sha256:ff452ff5a3e828ce110190feff1178bb1f2ea2281fa2075aadb987c2fb221661" }
wheels = [
    { url = "https://mirrors.cloud.tencent.com/pypi/packages/df/b2/87e62e8c3e2f4b32e5fe99e0b86d576da1312593b39f47d8ceef365e95ed/packaging-26.2-py3-none-any.whl", hash = "sha256:5fc45236b9446107ff2415ce77c807cee2862cb6fac22b8a73826d0693b0980e" },
]

[[package]]
name = "pluggy"
version = "1.6.0"
source = { registry = "https://mirrors.cloud.tencent.com/pypi/simple/" }
sdist = { url = "https://mirrors.cloud.tencent.com/pypi/packages/f9/e2/3e91f31a7d2b083fe6ef3fa267035b518369d9511ffab804f839851d2779/pluggy-1.6.0.tar.gz", hash = "sha256:7dcc130b76258d33b90f61b658791dede3486c3e6bfb003ee5c9bfb396dd22f3" }
wheels = [
    { url = "https://mirrors.cloud.tencent.com/pypi/packages/54/20/4d324d65cc6d9205fabedc306948156824eb9f0ee1633355a8f7ec5c66bf/pluggy-1.6.0-py3-none-any.whl", hash = "sha256:e920276dd6813095e9377c0bc5566d94c932c33b27a3e3945d8389c374dd4746" },
]

[[package]]
name = "pygments"
version = "2.20.0"
source = { registry = "https://mirrors.cloud.tencent.com/pypi/simple/" }
sdist = { url = "https://mirrors.cloud.tencent.com/pypi/packages/c3/b2/bc9c9196916376152d655522fdcebac55e66de6603a76a02bca1b6414f6c/pygments-2.20.0.tar.gz", hash = "sha256:6757cd03768053ff99f3039c1a36d6c0aa0b263438fcab17520b30a303a82b5f" }
wheels = [
    { url = "https://mirrors.cloud.tencent.com/pypi/packages/f4/7e/a72dd26f3b0f4f2bf1dd8923c85f7ceb43172af56d63c7383eb62b332364/pygments-2.20.0-py3-none-any.whl", hash = "sha256:81a9e26dd42fd28a23a2d169d86d7ac03b46e2f8b59ed4698fb4785f946d0176" },
]

[[package]]
name = "pytest"
version = "9.0.3"
source = { registry = "https://mirrors.cloud.tencent.com/pypi/simple/" }
dependencies = [
    { name = "colorama", marker = "sys_platform == 'win32'" },
    { name = "iniconfig" },
    { name = "packaging" },
    { name = "pluggy" },
    { name = "pygments" },
]
sdist = { url = "https://mirrors.cloud.tencent.com/pypi/packages/7d/0d/549bd94f1a0a402dc8cf64563a117c0f3765662e2e668477624baeec44d5/pytest-9.0.3.tar.gz", hash = "sha256:b86ada508af81d19edeb213c681b1d48246c1a91d304c6c81a427674c17eb91c" }
wheels = [
    { url = "https://mirrors.cloud.tencent.com/pypi/packages/d4/24/a372aaf5c9b7208e7112038812994107bc65a84cd00e0354a88c2c77a617/pytest-9.0.3-py3-none-any.whl", hash = "sha256:2c5efc453d45394fdd706ade797c0a81091eccd1d6e4bccfcd476e2b8e0ab5d9" },
]

[[package]]
name = "ruamel-yaml"
version = "0.19.1"
source = { registry = "https://mirrors.cloud.tencent.com/pypi/simple/" }
sdist = { url = "https://mirrors.cloud.tencent.com/pypi/packages/c7/3b/ebda527b56beb90cb7652cb1c7e4f91f48649fbcd8d2eb2fb6e77cd3329b/ruamel_yaml-0.19.1.tar.gz", hash = "sha256:53eb66cd27849eff968ebf8f0bf61f46cdac2da1d1f3576dd4ccee9b25c31993" }
wheels = [
    { url = "https://mirrors.cloud.tencent.com/pypi/packages/b8/0c/51f6841f1d84f404f92463fc2b1ba0da357ca1e3db6b7fbda26956c3b82a/ruamel_yaml-0.19.1-py3-none-any.whl", hash = "sha256:27592957fedf6e0b62f281e96effd28043345e0e66001f97683aa9a40c667c93" },
]

[[package]]
name = "ruamel-yaml-clib"
version = "0.2.15"
source = { registry = "https://mirrors.cloud.tencent.com/pypi/simple/" }
sdist = { url = "https://mirrors.cloud.tencent.com/pypi/packages/ea/97/60fda20e2fb54b83a61ae14648b0817c8f5d84a3821e40bfbdae1437026a/ruamel_yaml_clib-0.2.15.tar.gz", hash = "sha256:46e4cc8c43ef6a94885f72512094e482114a8a706d3c555a34ed4b0d20200600" }
wheels = [
    { url = "https://mirrors.cloud.tencent.com/pypi/packages/72/4b/5fde11a0722d676e469d3d6f78c6a17591b9c7e0072ca359801c4bd17eee/ruamel_yaml_clib-0.2.15-cp312-cp312-macosx_10_13_x86_64.whl", hash = "sha256:cb15a2e2a90c8475df45c0949793af1ff413acfb0a716b8b94e488ea95ce7cff" },
    { url = "https://mirrors.cloud.tencent.com/pypi/packages/85/82/4d08ac65ecf0ef3b046421985e66301a242804eb9a62c93ca3437dc94ee0/ruamel_yaml_clib-0.2.15-cp312-cp312-macosx_11_0_arm64.whl", hash = "sha256:64da03cbe93c1e91af133f5bec37fd24d0d4ba2418eaf970d7166b0a26a148a2" },
    { url = "https://mirrors.cloud.tencent.com/pypi/packages/b9/cb/22366d68b280e281a932403b76da7a988108287adff2bfa5ce881200107a/ruamel_yaml_clib-0.2.15-cp312-cp312-manylinux1_i686.manylinux_2_28_i686.manylinux_2_5_i686.whl", hash = "sha256:f6d3655e95a80325b84c4e14c080b2470fe4f33b6846f288379ce36154993fb1" },
    { url = "https://mirrors.cloud.tencent.com/pypi/packages/71/73/81230babf8c9e33770d43ed9056f603f6f5f9665aea4177a2c30ae48e3f3/ruamel_yaml_clib-0.2.15-cp312-cp312-manylinux2014_aarch64.manylinux_2_17_aarch64.manylinux_2_28_aarch64.whl", hash = "sha256:71845d377c7a47afc6592aacfea738cc8a7e876d586dfba814501d8c53c1ba60" },
    { url = "https://mirrors.cloud.tencent.com/pypi/packages/61/62/150c841f24cda9e30f588ef396ed83f64cfdc13b92d2f925bb96df337ba9/ruamel_yaml_clib-0.2.15-cp312-cp312-manylinux2014_x86_64.manylinux_2_17_x86_64.manylinux_2_28_x86_64.whl", hash = "sha256:11e5499db1ccbc7f4b41f0565e4f799d863ea720e01d3e99fa0b7b5fcd7802c9" },
    { url = "https://mirrors.cloud.tencent.com/pypi/packages/30/93/e79bd9cbecc3267499d9ead919bd61f7ddf55d793fb5ef2b1d7d92444f35/ruamel_yaml_clib-0.2.15-cp312-cp312-musllinux_1_2_aarch64.whl", hash = "sha256:4b293a37dc97e2b1e8a1aec62792d1e52027087c8eea4fc7b5abd2bdafdd6642" },
    { url = "https://mirrors.cloud.tencent.com/pypi/packages/8d/06/1eb640065c3a27ce92d76157f8efddb184bd484ed2639b712396a20d6dce/ruamel_yaml_clib-0.2.15-cp312-cp312-musllinux_1_2_i686.whl", hash = "sha256:512571ad41bba04eac7268fe33f7f4742210ca26a81fe0c75357fa682636c690" },
    { url = "https://mirrors.cloud.tencent.com/pypi/packages/a5/21/ee353e882350beab65fcc47a91b6bdc512cace4358ee327af2962892ff16/ruamel_yaml_clib-0.2.15-cp312-cp312-musllinux_1_2_x86_64.whl", hash = "sha256:e5e9f630c73a490b758bf14d859a39f375e6999aea5ddd2e2e9da89b9953486a" },
    { url = "https://mirrors.cloud.tencent.com/pypi/packages/57/34/cc1b94057aa867c963ecf9ea92ac59198ec2ee3a8d22a126af0b4d4be712/ruamel_yaml_clib-0.2.15-cp312-cp312-win32.whl", hash = "sha256:f4421ab780c37210a07d138e56dd4b51f8642187cdfb433eb687fe8c11de0144" },
    { url = "https://mirrors.cloud.tencent.com/pypi/packages/b3/e5/8925a4208f131b218f9a7e459c0d6fcac8324ae35da269cb437894576366/ruamel_yaml_clib-0.2.15-cp312-cp312-win_amd64.whl", hash = "sha256:2b216904750889133d9222b7b873c199d48ecbb12912aca78970f84a5aa1a4bc" },
    { url = "https://mirrors.cloud.tencent.com/pypi/packages/17/5e/2f970ce4c573dc30c2f95825f2691c96d55560268ddc67603dc6ea2dd08e/ruamel_yaml_clib-0.2.15-cp313-cp313-macosx_10_13_x86_64.whl", hash = "sha256:4dcec721fddbb62e60c2801ba08c87010bd6b700054a09998c4d09c08147b8fb" },
    { url = "https://mirrors.cloud.tencent.com/pypi/packages/d6/03/a1baa5b94f71383913f21b96172fb3a2eb5576a4637729adbf7cd9f797f8/ruamel_yaml_clib-0.2.15-cp313-cp313-macosx_11_0_arm64.whl", hash = "sha256:65f48245279f9bb301d1276f9679b82e4c080a1ae25e679f682ac62446fac471" },
    { url = "https://mirrors.cloud.tencent.com/pypi/packages/dc/19/40d676802390f85784235a05788fd28940923382e3f8b943d25febbb98b7/ruamel_yaml_clib-0.2.15-cp313-cp313-manylinux1_i686.manylinux_2_28_i686.manylinux_2_5_i686.whl", hash = "sha256:46895c17ead5e22bea5e576f1db7e41cb273e8d062c04a6a49013d9f60996c25" },
    { url = "https://mirrors.cloud.tencent.com/pypi/packages/ce/bb/6ef5abfa43b48dd55c30d53e997f8f978722f02add61efba31380d73e42e/ruamel_yaml_clib-0.2.15-cp313-cp313-manylinux2014_aarch64.manylinux_2_17_aarch64.manylinux_2_28_aarch64.whl", hash = "sha256:3eb199178b08956e5be6288ee0b05b2fb0b5c1f309725ad25d9c6ea7e27f962a" },
    { url = "https://mirrors.cloud.tencent.com/pypi/packages/ff/5d/e4f84c9c448613e12bd62e90b23aa127ea4c46b697f3d760acc32cb94f25/ruamel_yaml_clib-0.2.15-cp313-cp313-manylinux2014_x86_64.manylinux_2_17_x86_64.manylinux_2_28_x86_64.whl", hash = "sha256:4d1032919280ebc04a80e4fb1e93f7a738129857eaec9448310e638c8bccefcf" },
    { url = "https://mirrors.cloud.tencent.com/pypi/packages/de/4b/e98086e88f76c00c88a6bcf15eae27a1454f661a9eb72b111e6bbb69024d/ruamel_yaml_clib-0.2.15-cp313-cp313-musllinux_1_2_aarch64.whl", hash = "sha256:ab0df0648d86a7ecbd9c632e8f8d6b21bb21b5fc9d9e095c796cacf32a728d2d" },
    { url = "https://mirrors.cloud.tencent.com/pypi/packages/0c/5c/5964fcd1fd9acc53b7a3a5d9a05ea4f95ead9495d980003a557deb9769c7/ruamel_yaml_clib-0.2.15-cp313-cp313-musllinux_1_2_i686.whl", hash = "sha256:331fb180858dd8534f0e61aa243b944f25e73a4dae9962bd44c46d1761126bbf" },
    { url = "https://mirrors.cloud.tencent.com/pypi/packages/07/1e/99660f5a30fceb58494598e7d15df883a07292346ef5696f0c0ae5dee8c6/ruamel_yaml_clib-0.2.15-cp313-cp313-musllinux_1_2_x86_64.whl", hash = "sha256:fd4c928ddf6bce586285daa6d90680b9c291cfd045fc40aad34e445d57b1bf51" },
    { url = "https://mirrors.cloud.tencent.com/pypi/packages/36/2f/fa0344a9327b58b54970e56a27b32416ffbcfe4dcc0700605516708579b2/ruamel_yaml_clib-0.2.15-cp313-cp313-win32.whl", hash = "sha256:bf0846d629e160223805db9fe8cc7aec16aaa11a07310c50c8c7164efa440aec" },
    { url = "https://mirrors.cloud.tencent.com/pypi/packages/06/c4/c124fbcef0684fcf3c9b72374c2a8c35c94464d8694c50f37eef27f5a145/ruamel_yaml_clib-0.2.15-cp313-cp313-win_amd64.whl", hash = "sha256:45702dfbea1420ba3450bb3dd9a80b33f0badd57539c6aac09f42584303e0db6" },
    { url = "https://mirrors.cloud.tencent.com/pypi/packages/3e/bd/ab8459c8bb759c14a146990bf07f632c1cbec0910d4853feeee4be2ab8bb/ruamel_yaml_clib-0.2.15-cp314-cp314-macosx_10_15_x86_64.whl", hash = "sha256:753faf20b3a5906faf1fc50e4ddb8c074cb9b251e00b14c18b28492f933ac8ef" },
    { url = "https://mirrors.cloud.tencent.com/pypi/packages/69/f2/c4cec0a30f1955510fde498aac451d2e52b24afdbcb00204d3a951b772c3/ruamel_yaml_clib-0.2.15-cp314-cp314-macosx_11_0_arm64.whl", hash = "sha256:480894aee0b29752560a9de46c0e5f84a82602f2bc5c6cde8db9a345319acfdf" },
    { url = "https://mirrors.cloud.tencent.com/pypi/packages/82/c7/2480d062281385a2ea4f7cc9476712446e0c548cd74090bff92b4b49e898/ruamel_yaml_clib-0.2.15-cp314-cp314-manylinux1_i686.manylinux_2_28_i686.manylinux_2_5_i686.whl", hash = "sha256:4d3b58ab2454b4747442ac76fab66739c72b1e2bb9bd173d7694b9f9dbc9c000" },
    { url = "https://mirrors.cloud.tencent.com/pypi/packages/75/08/e365ee305367559f57ba6179d836ecc3d31c7d3fdff2a40ebf6c32823a1f/ruamel_yaml_clib-0.2.15-cp314-cp314-manylinux2014_aarch64.manylinux_2_17_aarch64.manylinux_2_28_aarch64.whl", hash = "sha256:bfd309b316228acecfa30670c3887dcedf9b7a44ea39e2101e75d2654522acd4" },
    { url = "https://mirrors.cloud.tencent.com/pypi/packages/a1/5c/8b56b08db91e569d0a4fbfa3e492ed2026081bdd7e892f63ba1c88a2f548/ruamel_yaml_clib-0.2.15-cp314-cp314-manylinux2014_x86_64.manylinux_2_17_x86_64.manylinux_2_28_x86_64.whl", hash = "sha256:2812ff359ec1f30129b62372e5f22a52936fac13d5d21e70373dbca5d64bb97c" },
    { url = "https://mirrors.cloud.tencent.com/pypi/packages/6a/1d/70dbda370bd0e1a92942754c873bd28f513da6198127d1736fa98bb2a16f/ruamel_yaml_clib-0.2.15-cp314-cp314-musllinux_1_2_aarch64.whl", hash = "sha256:7e74ea87307303ba91073b63e67f2c667e93f05a8c63079ee5b7a5c8d0d7b043" },
    { url = "https://mirrors.cloud.tencent.com/pypi/packages/5b/87/822d95874216922e1120afb9d3fafa795a18fdd0c444f5c4c382f6dac761/ruamel_yaml_clib-0.2.15-cp314-cp314-musllinux_1_2_i686.whl", hash = "sha256:713cd68af9dfbe0bb588e144a61aad8dcc00ef92a82d2e87183ca662d242f524" },
    { url = "https://mirrors.cloud.tencent.com/pypi/packages/b9/17/4e01a602693b572149f92c983c1f25bd608df02c3f5cf50fd1f94e124a59/ruamel_yaml_clib-0.2.15-cp314-cp314-musllinux_1_2_x86_64.whl", hash = "sha256:542d77b72786a35563f97069b9379ce762944e67055bea293480f7734b2c7e5e" },
    { url = "https://mirrors.cloud.tencent.com/pypi/packages/9f/17/7999399081d39ebb79e807314de6b611e1d1374458924eb2a489c01fc5ad/ruamel_yaml_clib-0.2.15-cp314-cp314-win32.whl", hash = "sha256:424ead8cef3939d690c4b5c85ef5b52155a231ff8b252961b6516ed7cf05f6aa" },
    { url = "https://mirrors.cloud.tencent.com/pypi/packages/d2/67/be582a7370fdc9e6846c5be4888a530dcadd055eef5b932e0e85c33c7d73/ruamel_yaml_clib-0.2.15-cp314-cp314-win_amd64.whl", hash = "sha256:ac9b8d5fa4bb7fd2917ab5027f60d4234345fd366fe39aa711d5dca090aa1467" },
]
